lockfileVersion: 5.4

specifiers:
  mobx: ^6.8.0
  mobx-react: ^7.6.0
  react: ^18.2.0
  react-dom: ^18.2.0

dependencies:
  mobx: registry.npmmirror.com/mobx/6.8.0
  mobx-react: registry.npmmirror.com/mobx-react/7.6.0_woojb62cqeyk443mbl7msrwu2e
  react: registry.npmmirror.com/react/18.2.0
  react-dom: registry.npmmirror.com/react-dom/18.2.0_react@18.2.0

packages:

  registry.npmmirror.com/js-tokens/4.0.0:
    resolution: {integrity: sha512-RdJUflcE3cUzKiMqQgsCu06FPu9UdIJO0beYbPhHN4k6apgJtifcoCtT9bcxOpYBtpD2kCM6Sbzg4CausW/PKQ==, registry: https://registry.npm.taobao.org/, tarball: https://registry.npmmirror.com/js-tokens/-/js-tokens-4.0.0.tgz}
    name: js-tokens
    version: 4.0.0
    dev: false

  registry.npmmirror.com/loose-envify/1.4.0:
    resolution: {integrity: sha512-lyuxPGr/Wfhrlem2CL/UcnUc1zcqKAImBDzukY7Y5F/yQiNdko6+fRLevlw1HgMySw7f611UIY408EtxRSoK3Q==, registry: https://registry.npm.taobao.org/, tarball: https://registry.npmmirror.com/loose-envify/-/loose-envify-1.4.0.tgz}
    name: loose-envify
    version: 1.4.0
    hasBin: true
    dependencies:
      js-tokens: registry.npmmirror.com/js-tokens/4.0.0
    dev: false

  registry.npmmirror.com/mobx-react-lite/3.4.2_woojb62cqeyk443mbl7msrwu2e:
    resolution: {integrity: sha512-wOFI6qhMBucYNy00aSDoee23L2//wKYJp4z5k+YOhOCY303prwLaWiEhJU0H2c//oIEEswGqUHtVV2qptk/g5g==, registry: https://registry.npm.taobao.org/, tarball: https://registry.npmmirror.com/mobx-react-lite/-/mobx-react-lite-3.4.2.tgz}
    id: registry.npmmirror.com/mobx-react-lite/3.4.2
    name: mobx-react-lite
    version: 3.4.2
    peerDependencies:
      mobx: ^6.1.0
      react: ^16.8.0 || ^17 || ^18
      react-dom: '*'
      react-native: '*'
    peerDependenciesMeta:
      react-dom:
        optional: true
      react-native:
        optional: true
    dependencies:
      mobx: registry.npmmirror.com/mobx/6.8.0
      react: registry.npmmirror.com/react/18.2.0
      react-dom: registry.npmmirror.com/react-dom/18.2.0_react@18.2.0
    dev: false

  registry.npmmirror.com/mobx-react/7.6.0_woojb62cqeyk443mbl7msrwu2e:
    resolution: {integrity: sha512-+HQUNuh7AoQ9ZnU6c4rvbiVVl+wEkb9WqYsVDzGLng+Dqj1XntHu79PvEWKtSMoMj67vFp/ZPXcElosuJO8ckA==, registry: https://registry.npm.taobao.org/, tarball: https://registry.npmmirror.com/mobx-react/-/mobx-react-7.6.0.tgz}
    id: registry.npmmirror.com/mobx-react/7.6.0
    name: mobx-react
    version: 7.6.0
    peerDependencies:
      mobx: ^6.1.0
      react: ^16.8.0 || ^17 || ^18
      react-dom: '*'
      react-native: '*'
    peerDependenciesMeta:
      react-dom:
        optional: true
      react-native:
        optional: true
    dependencies:
      mobx: registry.npmmirror.com/mobx/6.8.0
      mobx-react-lite: registry.npmmirror.com/mobx-react-lite/3.4.2_woojb62cqeyk443mbl7msrwu2e
      react: registry.npmmirror.com/react/18.2.0
      react-dom: registry.npmmirror.com/react-dom/18.2.0_react@18.2.0
    dev: false

  registry.npmmirror.com/mobx/6.8.0:
    resolution: {integrity: sha512-+o/DrHa4zykFMSKfS8Z+CPSEg5LW9tSNGTuN8o6MF1GKxlfkSHSeJn5UtgxvPkGgaouplnrLXCF+duAsmm6FHQ==, registry: https://registry.npm.taobao.org/, tarball: https://registry.npmmirror.com/mobx/-/mobx-6.8.0.tgz}
    name: mobx
    version: 6.8.0
    dev: false

  registry.npmmirror.com/react-dom/18.2.0_react@18.2.0:
    resolution: {integrity: sha512-6IMTriUmvsjHUjNtEDudZfuDQUoWXVxKHhlEGSk81n4YFS+r/Kl99wXiwlVXtPBtJenozv2P+hxDsw9eA7Xo6g==, registry: https://registry.npm.taobao.org/, tarball: https://registry.npmmirror.com/react-dom/-/react-dom-18.2.0.tgz}
    id: registry.npmmirror.com/react-dom/18.2.0
    name: react-dom
    version: 18.2.0
    peerDependencies:
      react: ^18.2.0
    dependencies:
      loose-envify: registry.npmmirror.com/loose-envify/1.4.0
      react: registry.npmmirror.com/react/18.2.0
      scheduler: registry.npmmirror.com/scheduler/0.23.0
    dev: false

  registry.npmmirror.com/react/18.2.0:
    resolution: {integrity: sha512-/3IjMdb2L9QbBdWiW5e3P2/npwMBaU9mHCSCUzNln0ZCYbcfTsGbTJrU/kGemdH2IWmB2ioZ+zkxtmq6g09fGQ==, registry: https://registry.npm.taobao.org/, tarball: https://registry.npmmirror.com/react/-/react-18.2.0.tgz}
    name: react
    version: 18.2.0
    engines: {node: '>=0.10.0'}
    dependencies:
      loose-envify: registry.npmmirror.com/loose-envify/1.4.0
    dev: false

  registry.npmmirror.com/scheduler/0.23.0:
    resolution: {integrity: sha512-CtuThmgHNg7zIZWAXi3AsyIzA3n4xx7aNyjwC2VJldO2LMVDhFK+63xGqq6CsJH4rTAt6/M+N4GhZiDYPx9eUw==, registry: https://registry.npm.taobao.org/, tarball: https://registry.npmmirror.com/scheduler/-/scheduler-0.23.0.tgz}
    name: scheduler
    version: 0.23.0
    dependencies:
      loose-envify: registry.npmmirror.com/loose-envify/1.4.0
    dev: false
